// !$*UTF8*$!
{
	archiveVersion = 1;
	classes = {
	};
	objectVersion = 52;
	objects = {

/* Begin PBXBuildFile section */
		24F381F42379533000179411 /* ReboundSwift in Frameworks */ = {isa = PBXBuildFile; productRef = 24F381F32379533000179411 /* ReboundSwift */; };
		59C709771B6FBC5700727CC1 /* AppDelegate.swift in Sources */ = {isa = PBXBuildFile; fileRef = 59C709761B6FBC5700727CC1 /* AppDelegate.swift */; };
		59C709791B6FBC5700727CC1 /* ViewController.swift in Sources */ = {isa = PBXBuildFile; fileRef = 59C709781B6FBC5700727CC1 /* ViewController.swift */; };
		59C7097E1B6FBC5700727CC1 /* Assets.xcassets in Resources */ = {isa = PBXBuildFile; fileRef = 59C7097D1B6FBC5700727CC1 /* Assets.xcassets */; };
		59C709811B6FBC5700727CC1 /* LaunchScreen.storyboard in Resources */ = {isa = PBXBuildFile; fileRef = 59C7097F1B6FBC5700727CC1 /* LaunchScreen.storyboard */; };
/* End PBXBuildFile section */

/* Begin PBXFileReference section */
		24F381F1237952EE00179411 /* ReboundSwift */ = {isa = PBXFileReference; lastKnownFileType = folder; path = ReboundSwift; sourceTree = "<group>"; };
		59C709741B6FBC5700727CC1 /* ReboundExample.app */ = {isa = PBXFileReference; explicitFileType = wrapper.application; includeInIndex = 0; path = ReboundExample.app; sourceTree = BUILT_PRODUCTS_DIR; };
		59C709761B6FBC5700727CC1 /* AppDelegate.swift */ = {isa = PBXFileReference; lastKnownFileType = sourcecode.swift; path = AppDelegate.swift; sourceTree = "<group>"; };
		59C709781B6FBC5700727CC1 /* ViewController.swift */ = {isa = PBXFileReference; lastKnownFileType = sourcecode.swift; path = ViewController.swift; sourceTree = "<group>"; };
		59C7097D1B6FBC5700727CC1 /* Assets.xcassets */ = {isa = PBXFileReference; lastKnownFileType = folder.assetcatalog; path = Assets.xcassets; sourceTree = "<group>"; };
		59C709801B6FBC5700727CC1 /* Base */ = {isa = PBXFileReference; lastKnownFileType = file.storyboard; name = Base; path = Base.lproj/LaunchScreen.storyboard; sourceTree = "<group>"; };
		59C709821B6FBC5700727CC1 /* Info.plist */ = {isa = PBXFileReference; lastKnownFileType = text.plist.xml; path = Info.plist; sourceTree = "<group>"; };
/* End PBXFileReference section */

/* Begin PBXFrameworksBuildPhase section */
		59C709711B6FBC5700727CC1 /* Frameworks */ = {
			isa = PBXFrameworksBuildPhase;
			buildActionMask = 2147483647;
			files = (
				24F381F42379533000179411 /* ReboundSwift in Frameworks */,
			);
			runOnlyForDeploymentPostprocessing = 0;
		};
/* End PBXFrameworksBuildPhase section */

/* Begin PBXGroup section */
		24F381F22379533000179411 /* Frameworks */ = {
			isa = PBXGroup;
			children = (
			);
			name = Frameworks;
			sourceTree = "<group>";
		};
		5939F77A1B6B5922003C8CF2 = {
			isa = PBXGroup;
			children = (
				24F381F1237952EE00179411 /* ReboundSwift */,
				59C709751B6FBC5700727CC1 /* ReboundExample */,
				5939F7851B6B5922003C8CF2 /* Products */,
				24F381F22379533000179411 /* Frameworks */,
			);
			sourceTree = "<group>";
		};
		5939F7851B6B5922003C8CF2 /* Products */ = {
			isa = PBXGroup;
			children = (
				59C709741B6FBC5700727CC1 /* ReboundExample.app */,
			);
			name = Products;
			sourceTree = "<group>";
		};
		59C709751B6FBC5700727CC1 /* ReboundExample */ = {
			isa = PBXGroup;
			children = (
				59C709761B6FBC5700727CC1 /* AppDelegate.swift */,
				59C709781B6FBC5700727CC1 /* ViewController.swift */,
				59C7097D1B6FBC5700727CC1 /* Assets.xcassets */,
				59C7097F1B6FBC5700727CC1 /* LaunchScreen.storyboard */,
				59C709821B6FBC5700727CC1 /* Info.plist */,
			);
			path = ReboundExample;
			sourceTree = "<group>";
		};
/* End PBXGroup section */

/* Begin PBXNativeTarget section */
		59C709731B6FBC5700727CC1 /* ReboundExample */ = {
			isa = PBXNativeTarget;
			buildConfigurationList = 59C7099F1B6FBC5700727CC1 /* Build configuration list for PBXNativeTarget "ReboundExample" */;
			buildPhases = (
				59C709701B6FBC5700727CC1 /* Sources */,
				59C709711B6FBC5700727CC1 /* Frameworks */,
				59C709721B6FBC5700727CC1 /* Resources */,
			);
			buildRules = (
			);
			dependencies = (
			);
			name = ReboundExample;
			packageProductDependencies = (
				24F381F32379533000179411 /* ReboundSwift */,
			);
			productName = Examples;
			productReference = 59C709741B6FBC5700727CC1 /* ReboundExample.app */;
			productType = "com.apple.product-type.application";
		};
/* End PBXNativeTarget section */

/* Begin PBXProject section */
		5939F77B1B6B5922003C8CF2 /* Project object */ = {
			isa = PBXProject;
			attributes = {
				LastSwiftUpdateCheck = 0700;
				LastUpgradeCheck = 0920;
				ORGANIZATIONNAME = "";
				TargetAttributes = {
					59C709731B6FBC5700727CC1 = {
						CreatedOnToolsVersion = 7.0;
						LastSwiftMigration = 0920;
					};
				};
			};
			buildConfigurationList = 5939F77E1B6B5922003C8CF2 /* Build configuration list for PBXProject "Rebound" */;
			compatibilityVersion = "Xcode 3.2";
			developmentRegion = English;
			hasScannedForEncodings = 0;
			knownRegions = (
				English,
				en,
				Base,
			);
			mainGroup = 5939F77A1B6B5922003C8CF2;
			productRefGroup = 5939F7851B6B5922003C8CF2 /* Products */;
			projectDirPath = "";
			projectRoot = "";
			targets = (
				59C709731B6FBC5700727CC1 /* ReboundExample */,
			);
		};
/* End PBXProject section */

/* Begin PBXResourcesBuildPhase section */
		59C709721B6FBC5700727CC1 /* Resources */ = {
			isa = PBXResourcesBuildPhase;
			buildActionMask = 2147483647;
			files = (
				59C709811B6FBC5700727CC1 /* LaunchScreen.storyboard in Resources */,
				59C7097E1B6FBC5700727CC1 /* Assets.xcassets in Resources */,
			);
			runOnlyForDeploymentPostprocessing = 0;
		};
/* End PBXResourcesBuildPhase section */

/* Begin PBXSourcesBuildPhase section */
		59C709701B6FBC5700727CC1 /* Sources */ = {
			isa = PBXSourcesBuildPhase;
			buildActionMask = 2147483647;
			files = (
				59C709791B6FBC5700727CC1 /* ViewController.swift in Sources */,
				59C709771B6FBC5700727CC1 /* AppDelegate.swift in Sources */,
			);
			runOnlyForDeploymentPostprocessing = 0;
		};
/* End PBXSourcesBuildPhase section */

/* Begin PBXVariantGroup section */
		59C7097F1B6FBC5700727CC1 /* LaunchScreen.storyboard */ = {
			isa = PBXVariantGroup;
			children = (
				59C709801B6FBC5700727CC1 /* Base */,
			);
			name = LaunchScreen.storyboard;
			sourceTree = "<group>";
		};
/* End PBXVariantGroup section */

/* Begin XCBuildConfiguration section */
		5939F7961B6B5922003C8CF2 /* Debug */ = {
			isa = XCBuildConfiguration;
			buildSettings = {
				ALWAYS_SEARCH_USER_PATHS = NO;
				CLANG_CXX_LANGUAGE_STANDARD = "gnu++0x";
				CLANG_CXX_LIBRARY = "libc++";
				CLANG_ENABLE_MODULES = YES;
				CLANG_ENABLE_OBJC_ARC = YES;
				CLANG_WARN_BLOCK_CAPTURE_AUTORELEASING = YES;
				CLANG_WARN_BOOL_CONVERSION = YES;
				CLANG_WARN_COMMA = YES;
				CLANG_WARN_CONSTANT_CONVERSION = YES;
				CLANG_WARN_DIRECT_OBJC_ISA_USAGE = YES_ERROR;
				CLANG_WARN_EMPTY_BODY = YES;
				CLANG_WARN_ENUM_CONVERSION = YES;
				CLANG_WARN_INFINITE_RECURSION = YES;
				CLANG_WARN_INT_CONVERSION = YES;
				CLANG_WARN_NON_LITERAL_NULL_CONVERSION = YES;
				CLANG_WARN_OBJC_LITERAL_CONVERSION = YES;
				CLANG_WARN_OBJC_ROOT_CLASS = YES_ERROR;
				CLANG_WARN_RANGE_LOOP_ANALYSIS = YES;
				CLANG_WARN_STRICT_PROTOTYPES = YES;
				CLANG_WARN_SUSPICIOUS_MOVE = YES;
				CLANG_WARN_UNREACHABLE_CODE = YES;
				CLANG_WARN__DUPLICATE_METHOD_MATCH = YES;
				"CODE_SIGN_IDENTITY[sdk=iphoneos*]" = "iPhone Developer";
				COPY_PHASE_STRIP = NO;
				CURRENT_PROJECT_VERSION = 1;
				DEBUG_INFORMATION_FORMAT = dwarf;
				ENABLE_STRICT_OBJC_MSGSEND = YES;
				ENABLE_TESTABILITY = YES;
				GCC_C_LANGUAGE_STANDARD = gnu99;
				GCC_DYNAMIC_NO_PIC = NO;
				GCC_NO_COMMON_BLOCKS = YES;
				GCC_OPTIMIZATION_LEVEL = 0;
				GCC_PREPROCESSOR_DEFINITIONS = (
					"DEBUG=1",
					"$(inherited)",
				);
				GCC_WARN_64_TO_32_BIT_CONVERSION = YES;
				GCC_WARN_ABOUT_RETURN_TYPE = YES_ERROR;
				GCC_WARN_UNDECLARED_SELECTOR = YES;
				GCC_WARN_UNINITIALIZED_AUTOS = YES_AGGRESSIVE;
				GCC_WARN_UNUSED_FUNCTION = YES;
				GCC_WARN_UNUSED_VARIABLE = YES;
				IPHONEOS_DEPLOYMENT_TARGET = 9.0;
				MTL_ENABLE_DEBUG_INFO = YES;
				ONLY_ACTIVE_ARCH = YES;
				SDKROOT = iphoneos;
				SWIFT_OPTIMIZATION_LEVEL = "-Onone";
				TARGETED_DEVICE_FAMILY = "1,2";
				VERSIONING_SYSTEM = "apple-generic";
				VERSION_INFO_PREFIX = "";
			};
			name = Debug;
		};
		5939F7971B6B5922003C8CF2 /* Release */ = {
			isa = XCBuildConfiguration;
			buildSettings = {
				ALWAYS_SEARCH_USER_PATHS = NO;
				CLANG_CXX_LANGUAGE_STANDARD = "gnu++0x";
				CLANG_CXX_LIBRARY = "libc++";
				CLANG_ENABLE_MODULES = YES;
				CLANG_ENABLE_OBJC_ARC = YES;
				CLANG_WARN_BLOCK_CAPTURE_AUTORELEASING = YES;
				CLANG_WARN_BOOL_CONVERSION = YES;
				CLANG_WARN_COMMA = YES;
				CLANG_WARN_CONSTANT_CONVERSION = YES;
				CLANG_WARN_DIRECT_OBJC_ISA_USAGE = YES_ERROR;
				CLANG_WARN_EMPTY_BODY = YES;
				CLANG_WARN_ENUM_CONVERSION = YES;
				CLANG_WARN_INFINITE_RECURSION = YES;
				CLANG_WARN_INT_CONVERSION = YES;
				CLANG_WARN_NON_LITERAL_NULL_CONVERSION = YES;
				CLANG_WARN_OBJC_LITERAL_CONVERSION = YES;
				CLANG_WARN_OBJC_ROOT_CLASS = YES_ERROR;
				CLANG_WARN_RANGE_LOOP_ANALYSIS = YES;
				CLANG_WARN_STRICT_PROTOTYPES = YES;
				CLANG_WARN_SUSPICIOUS_MOVE = YES;
				CLANG_WARN_UNREACHABLE_CODE = YES;
				CLANG_WARN__DUPLICATE_METHOD_MATCH = YES;
				"CODE_SIGN_IDENTITY[sdk=iphoneos*]" = "iPhone Developer";
				COPY_PHASE_STRIP = NO;
				CURRENT_PROJECT_VERSION = 1;
				DEBUG_INFORMATION_FORMAT = "dwarf-with-dsym";
				ENABLE_NS_ASSERTIONS = NO;
				ENABLE_STRICT_OBJC_MSGSEND = YES;
				GCC_C_LANGUAGE_STANDARD = gnu99;
				GCC_NO_COMMON_BLOCKS = YES;
				GCC_WARN_64_TO_32_BIT_CONVERSION = YES;
				GCC_WARN_ABOUT_RETURN_TYPE = YES_ERROR;
				GCC_WARN_UNDECLARED_SELECTOR = YES;
				GCC_WARN_UNINITIALIZED_AUTOS = YES_AGGRESSIVE;
				GCC_WARN_UNUSED_FUNCTION = YES;
				GCC_WARN_UNUSED_VARIABLE = YES;
				IPHONEOS_DEPLOYMENT_TARGET = 9.0;
				MTL_ENABLE_DEBUG_INFO = NO;
				SDKROOT = iphoneos;
				TARGETED_DEVICE_FAMILY = "1,2";
				VALIDATE_PRODUCT = YES;
				VERSIONING_SYSTEM = "apple-generic";
				VERSION_INFO_PREFIX = "";
			};
			name = Release;
		};
		59C709991B6FBC5700727CC1 /* Debug */ = {
			isa = XCBuildConfiguration;
			buildSettings = {
				ASSETCATALOG_COMPILER_APPICON_NAME = AppIcon;
				INFOPLIST_FILE = ReboundExample/Info.plist;
				IPHONEOS_DEPLOYMENT_TARGET = 10.0;
				LD_RUNPATH_SEARCH_PATHS = (
					"$(inherited)",
					"@executable_path/Frameworks",
				);
				PRODUCT_BUNDLE_IDENTIFIER = com.adamputinski.ReboundExample;
				PRODUCT_NAME = "$(TARGET_NAME)";
				SWIFT_SWIFT3_OBJC_INFERENCE = Default;
				SWIFT_VERSION = 5.0;
			};
			name = Debug;
		};
		59C7099A1B6FBC5700727CC1 /* Release */ = {
			isa = XCBuildConfiguration;
			buildSettings = {
				ASSETCATALOG_COMPILER_APPICON_NAME = AppIcon;
				INFOPLIST_FILE = ReboundExample/Info.plist;
				IPHONEOS_DEPLOYMENT_TARGET = 10.0;
				LD_RUNPATH_SEARCH_PATHS = (
					"$(inherited)",
					"@executable_path/Frameworks",
				);
				PRODUCT_BUNDLE_IDENTIFIER = com.adamputinski.ReboundExample;
				PRODUCT_NAME = "$(TARGET_NAME)";
				SWIFT_COMPILATION_MODE = wholemodule;
				SWIFT_OPTIMIZATION_LEVEL = "-O";
				SWIFT_SWIFT3_OBJC_INFERENCE = Default;
				SWIFT_VERSION = 5.0;
			};
			name = Release;
		};
/* End XCBuildConfiguration section */

/* Begin XCConfigurationList section */
		5939F77E1B6B5922003C8CF2 /* Build configuration list for PBXProject "Rebound" */ = {
			isa = XCConfigurationList;
			buildConfigurations = (
				5939F7961B6B5922003C8CF2 /* Debug */,
				5939F7971B6B5922003C8CF2 /* Release */,
			);
			defaultConfigurationIsVisible = 0;
			defaultConfigurationName = Release;
		};
		59C7099F1B6FBC5700727CC1 /* Build configuration list for PBXNativeTarget "ReboundExample" */ = {
			isa = XCConfigurationList;
			buildConfigurations = (
				59C709991B6FBC5700727CC1 /* Debug */,
				59C7099A1B6FBC5700727CC1 /* Release */,
			);
			defaultConfigurationIsVisible = 0;
			defaultConfigurationName = Release;
		};
/* End XCConfigurationList section */

/* Begin XCSwiftPackageProductDependency section */
		24F381F32379533000179411 /* ReboundSwift */ = {
			isa = XCSwiftPackageProductDependency;
			productName = ReboundSwift;
		};
/* End XCSwiftPackageProductDependency section */
	};
	rootObject = 5939F77B1B6B5922003C8CF2 /* Project object */;
}
